
Microsoft Visual Studio Solution File, Format Version 12.00
# Visual Studio 2012
Project("{FAE04EC0-301F-11D3-BF4B-00C04F79EFBC}") = "Subdivision_Project", "Subdivision_Project\Subdivision_Project.csproj", "{86ACBD0D-C484-41E0-9626-76A5749BE3AE}"
EndProject
Global
	GlobalSection(SolutionConfigurationPlatforms) = preSolution
		Debug|Any CPU = Debug|Any CPU
		Release|Any CPU = Release|Any CPU
	EndGlobalSection
	GlobalSection(ProjectConfigurationPlatforms) = postSolution
		{86ACBD0D-C484-41E0-9626-76A5749BE3AE}.Debug|Any CPU.ActiveCfg = Debug|Any CPU
		{86ACBD0D-C484-41E0-9626-76A5749BE3AE}.Debug|Any CPU.Build.0 = Debug|Any CPU
		{86ACBD0D-C484-41E0-9626-76A5749BE3AE}.Release|Any CPU.ActiveCfg = Release|Any CPU
		{86ACBD0D-C484-41E0-9626-76A5749BE3AE}.Release|Any CPU.Build.0 = Release|Any CPU
	EndGlobalSection
	GlobalSection(SolutionProperties) = preSolution
		HideSolutionNode = FALSE
	EndGlobalSection
EndGlobal
